<Solution>
  <Folder Name="/Solution Items/">
    <File Path="README.md" />
  </Folder>
  <Project Path="ArithmeticCoding/ArithmeticCoding.csproj" />
  <Project Path="Docs/Docs.shproj" Id="e80fdbe6-e1c8-4923-9ff3-5c2b850b0938" />
  <Project Path="media/media.shproj" Id="afe97ae1-18fd-414e-85a5-f6a5430e7ff8" />
</Solution>
